
Microsoft Visual Studio Solution File, Format Version 12.00
Project("{2150E333-8FDC-42A3-9474-1A3956D46DE8}") = "src", "src", "{827E0CD3-B72D-47B6-A68D-7590B98EB39B}"
EndProject
Project("{FAE04EC0-301F-11D3-BF4B-00C04F79EFBC}") = "DesktopRpa.Core", "src\DesktopRpa.Core\DesktopRpa.Core.csproj", "{BE8480C8-C582-4858-B6A5-EFB696B1F966}"
EndProject
Project("{FAE04EC0-301F-11D3-BF4B-00C04F79EFBC}") = "DesktopRpa.App", "src\DesktopRpa.App\DesktopRpa.App.csproj", "{A14C9EBD-442D-4617-BA6C-67401E051D4D}"
EndProject
Project("{2150E333-8FDC-42A3-9474-1A3956D46DE8}") = "tests", "tests", "{0AB3BF05-4346-4AA6-1389-037BE0695223}"
EndProject
Project("{FAE04EC0-301F-11D3-BF4B-00C04F79EFBC}") = "DesktopRpa.Tests", "tests\DesktopRpa.Tests\DesktopRpa.Tests.csproj", "{0E695114-81E9-49D3-B9C1-9706968C70B3}"
EndProject
Global
	GlobalSection(SolutionConfigurationPlatforms) = preSolution
		Debug|Any CPU = Debug|Any CPU
		Debug|x64 = Debug|x64
		Debug|x86 = Debug|x86
		Release|Any CPU = Release|Any CPU
		Release|x64 = Release|x64
		Release|x86 = Release|x86
	EndGlobalSection
	GlobalSection(ProjectConfigurationPlatforms) = postSolution
		{BE8480C8-C582-4858-B6A5-EFB696B1F966}.Debug|Any CPU.ActiveCfg = Debug|Any CPU
		{BE8480C8-C582-4858-B6A5-EFB696B1F966}.Debug|Any CPU.Build.0 = Debug|Any CPU
		{BE8480C8-C582-4858-B6A5-EFB696B1F966}.Debug|x64.ActiveCfg = Debug|Any CPU
		{BE8480C8-C582-4858-B6A5-EFB696B1F966}.Debug|x64.Build.0 = Debug|Any CPU
		{BE8480C8-C582-4858-B6A5-EFB696B1F966}.Debug|x86.ActiveCfg = Debug|Any CPU
		{BE8480C8-C582-4858-B6A5-EFB696B1F966}.Debug|x86.Build.0 = Debug|Any CPU
		{BE8480C8-C582-4858-B6A5-EFB696B1F966}.Release|Any CPU.ActiveCfg = Release|Any CPU
		{BE8480C8-C582-4858-B6A5-EFB696B1F966}.Release|Any CPU.Build.0 = Release|Any CPU
		{BE8480C8-C582-4858-B6A5-EFB696B1F966}.Release|x64.ActiveCfg = Release|Any CPU
		{BE8480C8-C582-4858-B6A5-EFB696B1F966}.Release|x64.Build.0 = Release|Any CPU
		{BE8480C8-C582-4858-B6A5-EFB696B1F966}.Release|x86.ActiveCfg = Release|Any CPU
		{BE8480C8-C582-4858-B6A5-EFB696B1F966}.Release|x86.Build.0 = Release|Any CPU
		{A14C9EBD-442D-4617-BA6C-67401E051D4D}.Debug|Any CPU.ActiveCfg = Debug|Any CPU
		{A14C9EBD-442D-4617-BA6C-67401E051D4D}.Debug|Any CPU.Build.0 = Debug|Any CPU
		{A14C9EBD-442D-4617-BA6C-67401E051D4D}.Debug|x64.ActiveCfg = Debug|Any CPU
		{A14C9EBD-442D-4617-BA6C-67401E051D4D}.Debug|x64.Build.0 = Debug|Any CPU
		{A14C9EBD-442D-4617-BA6C-67401E051D4D}.Debug|x86.ActiveCfg = Debug|Any CPU
		{A14C9EBD-442D-4617-BA6C-67401E051D4D}.Debug|x86.Build.0 = Debug|Any CPU
		{A14C9EBD-442D-4617-BA6C-67401E051D4D}.Release|Any CPU.ActiveCfg = Release|Any CPU
		{A14C9EBD-442D-4617-BA6C-67401E051D4D}.Release|Any CPU.Build.0 = Release|Any CPU
		{A14C9EBD-442D-4617-BA6C-67401E051D4D}.Release|x64.ActiveCfg = Release|Any CPU
		{A14C9EBD-442D-4617-BA6C-67401E051D4D}.Release|x64.Build.0 = Release|Any CPU
		{A14C9EBD-442D-4617-BA6C-67401E051D4D}.Release|x86.ActiveCfg = Release|Any CPU
		{A14C9EBD-442D-4617-BA6C-67401E051D4D}.Release|x86.Build.0 = Release|Any CPU
		{0E695114-81E9-49D3-B9C1-9706968C70B3}.Debug|Any CPU.ActiveCfg = Debug|Any CPU
		{0E695114-81E9-49D3-B9C1-9706968C70B3}.Debug|Any CPU.Build.0 = Debug|Any CPU
		{0E695114-81E9-49D3-B9C1-9706968C70B3}.Debug|x64.ActiveCfg = Debug|Any CPU
		{0E695114-81E9-49D3-B9C1-9706968C70B3}.Debug|x64.Build.0 = Debug|Any CPU
		{0E695114-81E9-49D3-B9C1-9706968C70B3}.Debug|x86.ActiveCfg = Debug|Any CPU
		{0E695114-81E9-49D3-B9C1-9706968C70B3}.Debug|x86.Build.0 = Debug|Any CPU
		{0E695114-81E9-49D3-B9C1-9706968C70B3}.Release|Any CPU.ActiveCfg = Release|Any CPU
		{0E695114-81E9-49D3-B9C1-9706968C70B3}.Release|Any CPU.Build.0 = Release|Any CPU
		{0E695114-81E9-49D3-B9C1-9706968C70B3}.Release|x64.ActiveCfg = Release|Any CPU
		{0E695114-81E9-49D3-B9C1-9706968C70B3}.Release|x64.Build.0 = Release|Any CPU
		{0E695114-81E9-49D3-B9C1-9706968C70B3}.Release|x86.ActiveCfg = Release|Any CPU
		{0E695114-81E9-49D3-B9C1-9706968C70B3}.Release|x86.Build.0 = Release|Any CPU
	EndGlobalSection
	GlobalSection(SolutionProperties) = preSolution
		HideSolutionNode = FALSE
	EndGlobalSection
	GlobalSection(NestedProjects) = preSolution
		{BE8480C8-C582-4858-B6A5-EFB696B1F966} = {827E0CD3-B72D-47B6-A68D-7590B98EB39B}
		{A14C9EBD-442D-4617-BA6C-67401E051D4D} = {827E0CD3-B72D-47B6-A68D-7590B98EB39B}
		{0E695114-81E9-49D3-B9C1-9706968C70B3} = {0AB3BF05-4346-4AA6-1389-037BE0695223}
	EndGlobalSection
EndGlobal
